
Microsoft Visual Studio Solution File, Format Version 12.00
# Visual Studio Version 17
VisualStudioVersion = 17.5.33627.172
MinimumVisualStudioVersion = 10.0.40219.1
Project("{9A19103F-16F7-4668-BE54-9A1E7A4F7556}") = "MyWeb", "MyWeb\MyWeb.csproj", "{C96ED684-906F-4A25-B7DC-8EC4853F2B4F}"
EndProject
Project("{FAE04EC0-301F-11D3-BF4B-00C04F79EFBC}") = "myWeb.DataAccessLayer", "myWeb.DataAccessLayer\myWeb.DataAccessLayer.csproj", "{9FCE56A0-6216-487C-A971-1A0E32DDDEE7}"
EndProject
Project("{FAE04EC0-301F-11D3-BF4B-00C04F79EFBC}") = "myWeb.Models", "myWeb.Models\myWeb.Models.csproj", "{EB1CE529-2AF2-45CD-B9A3-1B107EBD463F}"
EndProject
Global
	GlobalSection(SolutionConfigurationPlatforms) = preSolution
		Debug|Any CPU = Debug|Any CPU
		Release|Any CPU = Release|Any CPU
	EndGlobalSection
	GlobalSection(ProjectConfigurationPlatforms) = postSolution
		{C96ED684-906F-4A25-B7DC-8EC4853F2B4F}.Debug|Any CPU.ActiveCfg = Debug|Any CPU
		{C96ED684-906F-4A25-B7DC-8EC4853F2B4F}.Debug|Any CPU.Build.0 = Debug|Any CPU
		{C96ED684-906F-4A25-B7DC-8EC4853F2B4F}.Release|Any CPU.ActiveCfg = Release|Any CPU
		{C96ED684-906F-4A25-B7DC-8EC4853F2B4F}.Release|Any CPU.Build.0 = Release|Any CPU
		{9FCE56A0-6216-487C-A971-1A0E32DDDEE7}.Debug|Any CPU.ActiveCfg = Debug|Any CPU
		{9FCE56A0-6216-487C-A971-1A0E32DDDEE7}.Debug|Any CPU.Build.0 = Debug|Any CPU
		{9FCE56A0-6216-487C-A971-1A0E32DDDEE7}.Release|Any CPU.ActiveCfg = Release|Any CPU
		{9FCE56A0-6216-487C-A971-1A0E32DDDEE7}.Release|Any CPU.Build.0 = Release|Any CPU
		{EB1CE529-2AF2-45CD-B9A3-1B107EBD463F}.Debug|Any CPU.ActiveCfg = Debug|Any CPU
		{EB1CE529-2AF2-45CD-B9A3-1B107EBD463F}.Debug|Any CPU.Build.0 = Debug|Any CPU
		{EB1CE529-2AF2-45CD-B9A3-1B107EBD463F}.Release|Any CPU.ActiveCfg = Release|Any CPU
		{EB1CE529-2AF2-45CD-B9A3-1B107EBD463F}.Release|Any CPU.Build.0 = Release|Any CPU
	EndGlobalSection
	GlobalSection(SolutionProperties) = preSolution
		HideSolutionNode = FALSE
	EndGlobalSection
	GlobalSection(ExtensibilityGlobals) = postSolution
		SolutionGuid = {5CFFB289-9797-45E1-9FB4-2F65F1DE45B9}
	EndGlobalSection
EndGlobal
